// !$*UTF8*$!
{
	archiveVersion = 1;
	classes = {
	};
	objectVersion = 50;
	objects = {

/* Begin PBXBuildFile section */
		342720F02467C815004CCC1D /* AppDelegate.swift in Sources */ = {isa = PBXBuildFile; fileRef = 342720EF2467C815004CCC1D /* AppDelegate.swift */; };
		342720F22467C815004CCC1D /* SceneDelegate.swift in Sources */ = {isa = PBXBuildFile; fileRef = 342720F12467C815004CCC1D /* SceneDelegate.swift */; };
		342720F42467C815004CCC1D /* ContentView.swift in Sources */ = {isa = PBXBuildFile; fileRef = 342720F32467C815004CCC1D /* ContentView.swift */; };
		342720F62467C816004CCC1D /* Assets.xcassets in Resources */ = {isa = PBXBuildFile; fileRef = 342720F52467C816004CCC1D /* Assets.xcassets */; };
		342720F92467C816004CCC1D /* Preview Assets.xcassets in Resources */ = {isa = PBXBuildFile; fileRef = 342720F82467C816004CCC1D /* Preview Assets.xcassets */; };
		342720FC2467C816004CCC1D /* LaunchScreen.storyboard in Resources */ = {isa = PBXBuildFile; fileRef = 342720FA2467C816004CCC1D /* LaunchScreen.storyboard */; };
/* End PBXBuildFile section */

/* Begin PBXFileReference section */
		342720EC2467C815004CCC1D /* NeumorphicButton.app */ = {isa = PBXFileReference; explicitFileType = wrapper.application; includeInIndex = 0; path = NeumorphicButton.app; sourceTree = BUILT_PRODUCTS_DIR; };
		342720EF2467C815004CCC1D /* AppDelegate.swift */ = {isa = PBXFileReference; lastKnownFileType = sourcecode.swift; path = AppDelegate.swift; sourceTree = "<group>"; };
		342720F12467C815004CCC1D /* SceneDelegate.swift */ = {isa = PBXFileReference; lastKnownFileType = sourcecode.swift; path = SceneDelegate.swift; sourceTree = "<group>"; };
		342720F32467C815004CCC1D /* ContentView.swift */ = {isa = PBXFileReference; lastKnownFileType = sourcecode.swift; path = ContentView.swift; sourceTree = "<group>"; };
		342720F52467C816004CCC1D /* Assets.xcassets */ = {isa = PBXFileReference; lastKnownFileType = folder.assetcatalog; path = Assets.xcassets; sourceTree = "<group>"; };
		342720F82467C816004CCC1D /* Preview Assets.xcassets */ = {isa = PBXFileReference; lastKnownFileType = folder.assetcatalog; path = "Preview Assets.xcassets"; sourceTree = "<group>"; };
		342720FB2467C816004CCC1D /* Base */ = {isa = PBXFileReference; lastKnownFileType = file.storyboard; name = Base; path = Base.lproj/LaunchScreen.storyboard; sourceTree = "<group>"; };
		342720FD2467C816004CCC1D /* Info.plist */ = {isa = PBXFileReference; lastKnownFileType = text.plist.xml; path = Info.plist; sourceTree = "<group>"; };
/* End PBXFileReference section */

/* Begin PBXFrameworksBuildPhase section */
		342720E92467C815004CCC1D /* Frameworks */ = {
			isa = PBXFrameworksBuildPhase;
			buildActionMask = 2147483647;
			files = (
			);
			runOnlyForDeploymentPostprocessing = 0;
		};
/* End PBXFrameworksBuildPhase section */

/* Begin PBXGroup section */
		342720E32467C815004CCC1D = {
			isa = PBXGroup;
			children = (
				342720EE2467C815004CCC1D /* NeumorphicButton */,
				342720ED2467C815004CCC1D /* Products */,
			);
			sourceTree = "<group>";
		};
		342720ED2467C815004CCC1D /* Products */ = {
			isa = PBXGroup;
			children = (
				342720EC2467C815004CCC1D /* NeumorphicButton.app */,
			);
			name = Products;
			sourceTree = "<group>";
		};
		342720EE2467C815004CCC1D /* NeumorphicButton */ = {
			isa = PBXGroup;
			children = (
				342720EF2467C815004CCC1D /* AppDelegate.swift */,
				342720F12467C815004CCC1D /* SceneDelegate.swift */,
				342720F32467C815004CCC1D /* ContentView.swift */,
				342720F52467C816004CCC1D /* Assets.xcassets */,
				342720FA2467C816004CCC1D /* LaunchScreen.storyboard */,
				342720FD2467C816004CCC1D /* Info.plist */,
				342720F72467C816004CCC1D /* Preview Content */,
			);
			path = NeumorphicButton;
			sourceTree = "<group>";
		};
		342720F72467C816004CCC1D /* Preview Content */ = {
			isa = PBXGroup;
			children = (
				342720F82467C816004CCC1D /* Preview Assets.xcassets */,
			);
			path = "Preview Content";
			sourceTree = "<group>";
		};
/* End PBXGroup section */

/* Begin PBXNativeTarget section */
		342720EB2467C815004CCC1D /* NeumorphicButton */ = {
			isa = PBXNativeTarget;
			buildConfigurationList = 342721002467C816004CCC1D /* Build configuration list for PBXNativeTarget "NeumorphicButton" */;
			buildPhases = (
				342720E82467C815004CCC1D /* Sources */,
				342720E92467C815004CCC1D /* Frameworks */,
				342720EA2467C815004CCC1D /* Resources */,
			);
			buildRules = (
			);
			dependencies = (
			);
			name = NeumorphicButton;
			productName = NeumorphicButton;
			productReference = 342720EC2467C815004CCC1D /* NeumorphicButton.app */;
			productType = "com.apple.product-type.application";
		};
/* End PBXNativeTarget section */

/* Begin PBXProject section */
		342720E42467C815004CCC1D /* Project object */ = {
			isa = PBXProject;
			attributes = {
				LastSwiftUpdateCheck = 1130;
				LastUpgradeCheck = 1130;
				ORGANIZATIONNAME = NT;
				TargetAttributes = {
					342720EB2467C815004CCC1D = {
						CreatedOnToolsVersion = 11.3;
					};
				};
			};
			buildConfigurationList = 342720E72467C815004CCC1D /* Build configuration list for PBXProject "NeumorphicButton" */;
			compatibilityVersion = "Xcode 9.3";
			developmentRegion = en;
			hasScannedForEncodings = 0;
			knownRegions = (
				en,
				Base,
			);
			mainGroup = 342720E32467C815004CCC1D;
			productRefGroup = 342720ED2467C815004CCC1D /* Products */;
			projectDirPath = "";
			projectRoot = "";
			targets = (
				342720EB2467C815004CCC1D /* NeumorphicButton */,
			);
		};
/* End PBXProject section */

/* Begin PBXResourcesBuildPhase section */
		342720EA2467C815004CCC1D /* Resources */ = {
			isa = PBXResourcesBuildPhase;
			buildActionMask = 2147483647;
			files = (
				342720FC2467C816004CCC1D /* LaunchScreen.storyboard in Resources */,
				342720F92467C816004CCC1D /* Preview Assets.xcassets in Resources */,
				342720F62467C816004CCC1D /* Assets.xcassets in Resources */,
			);
			runOnlyForDeploymentPostprocessing = 0;
		};
/* End PBXResourcesBuildPhase section */

/* Begin PBXSourcesBuildPhase section */
		342720E82467C815004CCC1D /* Sources */ = {
			isa = PBXSourcesBuildPhase;
			buildActionMask = 2147483647;
			files = (
				342720F02467C815004CCC1D /* AppDelegate.swift in Sources */,
				342720F22467C815004CCC1D /* SceneDelegate.swift in Sources */,
				342720F42467C815004CCC1D /* ContentView.swift in Sources */,
			);
			runOnlyForDeploymentPostprocessing = 0;
		};
/* End PBXSourcesBuildPhase section */

/* Begin PBXVariantGroup section */
		342720FA2467C816004CCC1D /* LaunchScreen.storyboard */ = {
			isa = PBXVariantGroup;
			children = (
				342720FB2467C816004CCC1D /* Base */,
			);
			name = LaunchScreen.storyboard;
			sourceTree = "<group>";
		};
/* End PBXVariantGroup section */

/* Begin XCBuildConfiguration section */
		342720FE2467C816004CCC1D /* Debug */ = {
			isa = XCBuildConfiguration;
			buildSettings = {
				ALWAYS_SEARCH_USER_PATHS = NO;
				CLANG_ANALYZER_NONNULL = YES;
				CLANG_ANALYZER_NUMBER_OBJECT_CONVERSION = YES_AGGRESSIVE;
				CLANG_CXX_LANGUAGE_STANDARD = "gnu++14";
				CLANG_CXX_LIBRARY = "libc++";
				CLANG_ENABLE_MODULES = YES;
				CLANG_ENABLE_OBJC_ARC = YES;
				CLANG_ENABLE_OBJC_WEAK = YES;
				CLANG_WARN_BLOCK_CAPTURE_AUTORELEASING = YES;
				CLANG_WARN_BOOL_CONVERSION = YES;
				CLANG_WARN_COMMA = YES;
				CLANG_WARN_CONSTANT_CONVERSION = YES;
				CLANG_WARN_DEPRECATED_OBJC_IMPLEMENTATIONS = YES;
				CLANG_WARN_DIRECT_OBJC_ISA_USAGE = YES_ERROR;
				CLANG_WARN_DOCUMENTATION_COMMENTS = YES;
				CLANG_WARN_EMPTY_BODY = YES;
				CLANG_WARN_ENUM_CONVERSION = YES;
				CLANG_WARN_INFINITE_RECURSION = YES;
				CLANG_WARN_INT_CONVERSION = YES;
				CLANG_WARN_NON_LITERAL_NULL_CONVERSION = YES;
				CLANG_WARN_OBJC_IMPLICIT_RETAIN_SELF = YES;
				CLANG_WARN_OBJC_LITERAL_CONVERSION = YES;
				CLANG_WARN_OBJC_ROOT_CLASS = YES_ERROR;
				CLANG_WARN_RANGE_LOOP_ANALYSIS = YES;
				CLANG_WARN_STRICT_PROTOTYPES = YES;
				CLANG_WARN_SUSPICIOUS_MOVE = YES;
				CLANG_WARN_UNGUARDED_AVAILABILITY = YES_AGGRESSIVE;
				CLANG_WARN_UNREACHABLE_CODE = YES;
				CLANG_WARN__DUPLICATE_METHOD_MATCH = YES;
				COPY_PHASE_STRIP = NO;
				DEBUG_INFORMATION_FORMAT = dwarf;
				ENABLE_STRICT_OBJC_MSGSEND = YES;
				ENABLE_TESTABILITY = YES;
				GCC_C_LANGUAGE_STANDARD = gnu11;
				GCC_DYNAMIC_NO_PIC = NO;
				GCC_NO_COMMON_BLOCKS = YES;
				GCC_OPTIMIZATION_LEVEL = 0;
				GCC_PREPROCESSOR_DEFINITIONS = (
					"DEBUG=1",
					"$(inherited)",
				);
				GCC_WARN_64_TO_32_BIT_CONVERSION = YES;
				GCC_WARN_ABOUT_RETURN_TYPE = YES_ERROR;
				GCC_WARN_UNDECLARED_SELECTOR = YES;
				GCC_WARN_UNINITIALIZED_AUTOS = YES_AGGRESSIVE;
				GCC_WARN_UNUSED_FUNCTION = YES;
				GCC_WARN_UNUSED_VARIABLE = YES;
				IPHONEOS_DEPLOYMENT_TARGET = 13.2;
				MTL_ENABLE_DEBUG_INFO = INCLUDE_SOURCE;
				MTL_FAST_MATH = YES;
				ONLY_ACTIVE_ARCH = YES;
				SDKROOT = iphoneos;
				SWIFT_ACTIVE_COMPILATION_CONDITIONS = DEBUG;
				SWIFT_OPTIMIZATION_LEVEL = "-Onone";
			};
			name = Debug;
		};
		342720FF2467C816004CCC1D /* Release */ = {
			isa = XCBuildConfiguration;
			buildSettings = {
				ALWAYS_SEARCH_USER_PATHS = NO;
				CLANG_ANALYZER_NONNULL = YES;
				CLANG_ANALYZER_NUMBER_OBJECT_CONVERSION = YES_AGGRESSIVE;
				CLANG_CXX_LANGUAGE_STANDARD = "gnu++14";
				CLANG_CXX_LIBRARY = "libc++";
				CLANG_ENABLE_MODULES = YES;
				CLANG_ENABLE_OBJC_ARC = YES;
				CLANG_ENABLE_OBJC_WEAK = YES;
				CLANG_WARN_BLOCK_CAPTURE_AUTORELEASING = YES;
				CLANG_WARN_BOOL_CONVERSION = YES;
				CLANG_WARN_COMMA = YES;
				CLANG_WARN_CONSTANT_CONVERSION = YES;
				CLANG_WARN_DEPRECATED_OBJC_IMPLEMENTATIONS = YES;
				CLANG_WARN_DIRECT_OBJC_ISA_USAGE = YES_ERROR;
				CLANG_WARN_DOCUMENTATION_COMMENTS = YES;
				CLANG_WARN_EMPTY_BODY = YES;
				CLANG_WARN_ENUM_CONVERSION = YES;
				CLANG_WARN_INFINITE_RECURSION = YES;
				CLANG_WARN_INT_CONVERSION = YES;
				CLANG_WARN_NON_LITERAL_NULL_CONVERSION = YES;
				CLANG_WARN_OBJC_IMPLICIT_RETAIN_SELF = YES;
				CLANG_WARN_OBJC_LITERAL_CONVERSION = YES;
				CLANG_WARN_OBJC_ROOT_CLASS = YES_ERROR;
				CLANG_WARN_RANGE_LOOP_ANALYSIS = YES;
				CLANG_WARN_STRICT_PROTOTYPES = YES;
				CLANG_WARN_SUSPICIOUS_MOVE = YES;
				CLANG_WARN_UNGUARDED_AVAILABILITY = YES_AGGRESSIVE;
				CLANG_WARN_UNREACHABLE_CODE = YES;
				CLANG_WARN__DUPLICATE_METHOD_MATCH = YES;
				COPY_PHASE_STRIP = NO;
				DEBUG_INFORMATION_FORMAT = "dwarf-with-dsym";
				ENABLE_NS_ASSERTIONS = NO;
				ENABLE_STRICT_OBJC_MSGSEND = YES;
				GCC_C_LANGUAGE_STANDARD = gnu11;
				GCC_NO_COMMON_BLOCKS = YES;
				GCC_WARN_64_TO_32_BIT_CONVERSION = YES;
				GCC_WARN_ABOUT_RETURN_TYPE = YES_ERROR;
				GCC_WARN_UNDECLARED_SELECTOR = YES;
				GCC_WARN_UNINITIALIZED_AUTOS = YES_AGGRESSIVE;
				GCC_WARN_UNUSED_FUNCTION = YES;
				GCC_WARN_UNUSED_VARIABLE = YES;
				IPHONEOS_DEPLOYMENT_TARGET = 13.2;
				MTL_ENABLE_DEBUG_INFO = NO;
				MTL_FAST_MATH = YES;
				SDKROOT = iphoneos;
				SWIFT_COMPILATION_MODE = wholemodule;
				SWIFT_OPTIMIZATION_LEVEL = "-O";
				VALIDATE_PRODUCT = YES;
			};
			name = Release;
		};
		342721012467C816004CCC1D /* Debug */ = {
			isa = XCBuildConfiguration;
			buildSettings = {
				ASSETCATALOG_COMPILER_APPICON_NAME = AppIcon;
				CODE_SIGN_STYLE = Automatic;
				DEVELOPMENT_ASSET_PATHS = "\"NeumorphicButton/Preview Content\"";
				DEVELOPMENT_TEAM = N38EC3HSGY;
				ENABLE_PREVIEWS = YES;
				INFOPLIST_FILE = NeumorphicButton/Info.plist;
				LD_RUNPATH_SEARCH_PATHS = (
					"$(inherited)",
					"@executable_path/Frameworks",
				);
				PRODUCT_BUNDLE_IDENTIFIER = com.nirajtiwari.NeumorphicButton;
				PRODUCT_NAME = "$(TARGET_NAME)";
				SWIFT_VERSION = 5.0;
				TARGETED_DEVICE_FAMILY = "1,2";
			};
			name = Debug;
		};
		342721022467C816004CCC1D /* Release */ = {
			isa = XCBuildConfiguration;
			buildSettings = {
				ASSETCATALOG_COMPILER_APPICON_NAME = AppIcon;
				CODE_SIGN_STYLE = Automatic;
				DEVELOPMENT_ASSET_PATHS = "\"NeumorphicButton/Preview Content\"";
				DEVELOPMENT_TEAM = N38EC3HSGY;
				ENABLE_PREVIEWS = YES;
				INFOPLIST_FILE = NeumorphicButton/Info.plist;
				LD_RUNPATH_SEARCH_PATHS = (
					"$(inherited)",
					"@executable_path/Frameworks",
				);
				PRODUCT_BUNDLE_IDENTIFIER = com.nirajtiwari.NeumorphicButton;
				PRODUCT_NAME = "$(TARGET_NAME)";
				SWIFT_VERSION = 5.0;
				TARGETED_DEVICE_FAMILY = "1,2";
			};
			name = Release;
		};
/* End XCBuildConfiguration section */

/* Begin XCConfigurationList section */
		342720E72467C815004CCC1D /* Build configuration list for PBXProject "NeumorphicButton" */ = {
			isa = XCConfigurationList;
			buildConfigurations = (
				342720FE2467C816004CCC1D /* Debug */,
				342720FF2467C816004CCC1D /* Release */,
			);
			defaultConfigurationIsVisible = 0;
			defaultConfigurationName = Release;
		};
		342721002467C816004CCC1D /* Build configuration list for PBXNativeTarget "NeumorphicButton" */ = {
			isa = XCConfigurationList;
			buildConfigurations = (
				342721012467C816004CCC1D /* Debug */,
				342721022467C816004CCC1D /* Release */,
			);
			defaultConfigurationIsVisible = 0;
			defaultConfigurationName = Release;
		};
/* End XCConfigurationList section */
	};
	rootObject = 342720E42467C815004CCC1D /* Project object */;
}
